// !$*UTF8*$!
{
	archiveVersion = 1;
	classes = {
	};
	objectVersion = 56;
	objects = {

/* Begin PBXBuildFile section */
		1851C8DA2A11150C006DA622 /* FlightsCollectionViewCell.swift in Sources */ = {isa = PBXBuildFile; fileRef = 1851C8D92A11150C006DA622 /* FlightsCollectionViewCell.swift */; };
		1851C8DC2A11172D006DA622 /* StartCityCollectionViewCell.swift in Sources */ = {isa = PBXBuildFile; fileRef = 1851C8DB2A11172D006DA622 /* StartCityCollectionViewCell.swift */; };
		1851C8DF2A116397006DA622 /* MainViewModel.swift in Sources */ = {isa = PBXBuildFile; fileRef = 1851C8DE2A116397006DA622 /* MainViewModel.swift */; };
		1851C8E12A118A65006DA622 /* TicketViewController.swift in Sources */ = {isa = PBXBuildFile; fileRef = 1851C8E02A118A65006DA622 /* TicketViewController.swift */; };
		1851C8E32A1197B3006DA622 /* TicketView.swift in Sources */ = {isa = PBXBuildFile; fileRef = 1851C8E22A1197B3006DA622 /* TicketView.swift */; };
		1851C8E52A119A34006DA622 /* OrderView.swift in Sources */ = {isa = PBXBuildFile; fileRef = 1851C8E42A119A34006DA622 /* OrderView.swift */; };
		185D463F2A0FC61A00AFC330 /* AppDelegate.swift in Sources */ = {isa = PBXBuildFile; fileRef = 185D463E2A0FC61A00AFC330 /* AppDelegate.swift */; };
		185D46412A0FC61A00AFC330 /* SceneDelegate.swift in Sources */ = {isa = PBXBuildFile; fileRef = 185D46402A0FC61A00AFC330 /* SceneDelegate.swift */; };
		185D46432A0FC61A00AFC330 /* MainViewController.swift in Sources */ = {isa = PBXBuildFile; fileRef = 185D46422A0FC61A00AFC330 /* MainViewController.swift */; };
		185D46482A0FC61B00AFC330 /* Assets.xcassets in Resources */ = {isa = PBXBuildFile; fileRef = 185D46472A0FC61B00AFC330 /* Assets.xcassets */; };
		185D464B2A0FC61B00AFC330 /* LaunchScreen.storyboard in Resources */ = {isa = PBXBuildFile; fileRef = 185D46492A0FC61B00AFC330 /* LaunchScreen.storyboard */; };
		185D46562A0FC89900AFC330 /* FlightsModel.swift in Sources */ = {isa = PBXBuildFile; fileRef = 185D46552A0FC89900AFC330 /* FlightsModel.swift */; };
		185D46592A0FC96900AFC330 /* NetworkService.swift in Sources */ = {isa = PBXBuildFile; fileRef = 185D46582A0FC96900AFC330 /* NetworkService.swift */; };
		189C66892A124835007096DE /* OrderView.xib in Resources */ = {isa = PBXBuildFile; fileRef = 189C66882A124835007096DE /* OrderView.xib */; };
/* End PBXBuildFile section */

/* Begin PBXFileReference section */
		1851C8D92A11150C006DA622 /* FlightsCollectionViewCell.swift */ = {isa = PBXFileReference; lastKnownFileType = sourcecode.swift; path = FlightsCollectionViewCell.swift; sourceTree = "<group>"; };
		1851C8DB2A11172D006DA622 /* StartCityCollectionViewCell.swift */ = {isa = PBXFileReference; lastKnownFileType = sourcecode.swift; path = StartCityCollectionViewCell.swift; sourceTree = "<group>"; };
		1851C8DE2A116397006DA622 /* MainViewModel.swift */ = {isa = PBXFileReference; lastKnownFileType = sourcecode.swift; path = MainViewModel.swift; sourceTree = "<group>"; };
		1851C8E02A118A65006DA622 /* TicketViewController.swift */ = {isa = PBXFileReference; lastKnownFileType = sourcecode.swift; path = TicketViewController.swift; sourceTree = "<group>"; };
		1851C8E22A1197B3006DA622 /* TicketView.swift */ = {isa = PBXFileReference; lastKnownFileType = sourcecode.swift; path = TicketView.swift; sourceTree = "<group>"; };
		1851C8E42A119A34006DA622 /* OrderView.swift */ = {isa = PBXFileReference; lastKnownFileType = sourcecode.swift; path = OrderView.swift; sourceTree = "<group>"; };
		185D463B2A0FC61A00AFC330 /* WildberriesTravel.app */ = {isa = PBXFileReference; explicitFileType = wrapper.application; includeInIndex = 0; path = WildberriesTravel.app; sourceTree = BUILT_PRODUCTS_DIR; };
		185D463E2A0FC61A00AFC330 /* AppDelegate.swift */ = {isa = PBXFileReference; lastKnownFileType = sourcecode.swift; path = AppDelegate.swift; sourceTree = "<group>"; };
		185D46402A0FC61A00AFC330 /* SceneDelegate.swift */ = {isa = PBXFileReference; lastKnownFileType = sourcecode.swift; path = SceneDelegate.swift; sourceTree = "<group>"; };
		185D46422A0FC61A00AFC330 /* MainViewController.swift */ = {isa = PBXFileReference; lastKnownFileType = sourcecode.swift; path = MainViewController.swift; sourceTree = "<group>"; };
		185D46472A0FC61B00AFC330 /* Assets.xcassets */ = {isa = PBXFileReference; lastKnownFileType = folder.assetcatalog; path = Assets.xcassets; sourceTree = "<group>"; };
		185D464A2A0FC61B00AFC330 /* Base */ = {isa = PBXFileReference; lastKnownFileType = file.storyboard; name = Base; path = Base.lproj/LaunchScreen.storyboard; sourceTree = "<group>"; };
		185D464C2A0FC61B00AFC330 /* Info.plist */ = {isa = PBXFileReference; lastKnownFileType = text.plist.xml; path = Info.plist; sourceTree = "<group>"; };
		185D46552A0FC89900AFC330 /* FlightsModel.swift */ = {isa = PBXFileReference; lastKnownFileType = sourcecode.swift; path = FlightsModel.swift; sourceTree = "<group>"; };
		185D46582A0FC96900AFC330 /* NetworkService.swift */ = {isa = PBXFileReference; lastKnownFileType = sourcecode.swift; path = NetworkService.swift; sourceTree = "<group>"; };
		189C66882A124835007096DE /* OrderView.xib */ = {isa = PBXFileReference; lastKnownFileType = file.xib; path = OrderView.xib; sourceTree = "<group>"; };
/* End PBXFileReference section */

/* Begin PBXFrameworksBuildPhase section */
		185D46382A0FC61A00AFC330 /* Frameworks */ = {
			isa = PBXFrameworksBuildPhase;
			buildActionMask = 2147483647;
			files = (
			);
			runOnlyForDeploymentPostprocessing = 0;
		};
/* End PBXFrameworksBuildPhase section */

/* Begin PBXGroup section */
		1851C8DD2A115E1C006DA622 /* Cells */ = {
			isa = PBXGroup;
			children = (
				1851C8DB2A11172D006DA622 /* StartCityCollectionViewCell.swift */,
				1851C8D92A11150C006DA622 /* FlightsCollectionViewCell.swift */,
			);
			path = Cells;
			sourceTree = "<group>";
		};
		185D46322A0FC61A00AFC330 = {
			isa = PBXGroup;
			children = (
				185D463D2A0FC61A00AFC330 /* WildberriesTravel */,
				185D463C2A0FC61A00AFC330 /* Products */,
			);
			sourceTree = "<group>";
		};
		185D463C2A0FC61A00AFC330 /* Products */ = {
			isa = PBXGroup;
			children = (
				185D463B2A0FC61A00AFC330 /* WildberriesTravel.app */,
			);
			name = Products;
			sourceTree = "<group>";
		};
		185D463D2A0FC61A00AFC330 /* WildberriesTravel */ = {
			isa = PBXGroup;
			children = (
				185D46522A0FC66E00AFC330 /* App */,
				185D46532A0FC67600AFC330 /* Source */,
				185D46542A0FC84400AFC330 /* Model */,
				185D46572A0FC93200AFC330 /* Services */,
				1851C8DE2A116397006DA622 /* MainViewModel.swift */,
				185D46422A0FC61A00AFC330 /* MainViewController.swift */,
				1851C8DD2A115E1C006DA622 /* Cells */,
				1851C8E02A118A65006DA622 /* TicketViewController.swift */,
				18754D852A13A3D900E0635D /* Views */,
			);
			path = WildberriesTravel;
			sourceTree = "<group>";
		};
		185D46522A0FC66E00AFC330 /* App */ = {
			isa = PBXGroup;
			children = (
				185D463E2A0FC61A00AFC330 /* AppDelegate.swift */,
				185D46402A0FC61A00AFC330 /* SceneDelegate.swift */,
				185D46492A0FC61B00AFC330 /* LaunchScreen.storyboard */,
			);
			path = App;
			sourceTree = "<group>";
		};
		185D46532A0FC67600AFC330 /* Source */ = {
			isa = PBXGroup;
			children = (
				185D46472A0FC61B00AFC330 /* Assets.xcassets */,
				185D464C2A0FC61B00AFC330 /* Info.plist */,
			);
			path = Source;
			sourceTree = "<group>";
		};
		185D46542A0FC84400AFC330 /* Model */ = {
			isa = PBXGroup;
			children = (
				185D46552A0FC89900AFC330 /* FlightsModel.swift */,
			);
			path = Model;
			sourceTree = "<group>";
		};
		185D46572A0FC93200AFC330 /* Services */ = {
			isa = PBXGroup;
			children = (
				185D46582A0FC96900AFC330 /* NetworkService.swift */,
			);
			path = Services;
			sourceTree = "<group>";
		};
		18754D852A13A3D900E0635D /* Views */ = {
			isa = PBXGroup;
			children = (
				1851C8E22A1197B3006DA622 /* TicketView.swift */,
				1851C8E42A119A34006DA622 /* OrderView.swift */,
				189C66882A124835007096DE /* OrderView.xib */,
			);
			path = Views;
			sourceTree = "<group>";
		};
/* End PBXGroup section */

/* Begin PBXNativeTarget section */
		185D463A2A0FC61A00AFC330 /* WildberriesTravel */ = {
			isa = PBXNativeTarget;
			buildConfigurationList = 185D464F2A0FC61B00AFC330 /* Build configuration list for PBXNativeTarget "WildberriesTravel" */;
			buildPhases = (
				185D46372A0FC61A00AFC330 /* Sources */,
				185D46382A0FC61A00AFC330 /* Frameworks */,
				185D46392A0FC61A00AFC330 /* Resources */,
			);
			buildRules = (
			);
			dependencies = (
			);
			name = WildberriesTravel;
			productName = WildberriesTravel;
			productReference = 185D463B2A0FC61A00AFC330 /* WildberriesTravel.app */;
			productType = "com.apple.product-type.application";
		};
/* End PBXNativeTarget section */

/* Begin PBXProject section */
		185D46332A0FC61A00AFC330 /* Project object */ = {
			isa = PBXProject;
			attributes = {
				BuildIndependentTargetsInParallel = 1;
				LastSwiftUpdateCheck = 1430;
				LastUpgradeCheck = 1430;
				TargetAttributes = {
					185D463A2A0FC61A00AFC330 = {
						CreatedOnToolsVersion = 14.3;
					};
				};
			};
			buildConfigurationList = 185D46362A0FC61A00AFC330 /* Build configuration list for PBXProject "WildberriesTravel" */;
			compatibilityVersion = "Xcode 14.0";
			developmentRegion = en;
			hasScannedForEncodings = 0;
			knownRegions = (
				en,
				Base,
			);
			mainGroup = 185D46322A0FC61A00AFC330;
			productRefGroup = 185D463C2A0FC61A00AFC330 /* Products */;
			projectDirPath = "";
			projectRoot = "";
			targets = (
				185D463A2A0FC61A00AFC330 /* WildberriesTravel */,
			);
		};
/* End PBXProject section */

/* Begin PBXResourcesBuildPhase section */
		185D46392A0FC61A00AFC330 /* Resources */ = {
			isa = PBXResourcesBuildPhase;
			buildActionMask = 2147483647;
			files = (
				185D464B2A0FC61B00AFC330 /* LaunchScreen.storyboard in Resources */,
				189C66892A124835007096DE /* OrderView.xib in Resources */,
				185D46482A0FC61B00AFC330 /* Assets.xcassets in Resources */,
			);
			runOnlyForDeploymentPostprocessing = 0;
		};
/* End PBXResourcesBuildPhase section */

/* Begin PBXSourcesBuildPhase section */
		185D46372A0FC61A00AFC330 /* Sources */ = {
			isa = PBXSourcesBuildPhase;
			buildActionMask = 2147483647;
			files = (
				1851C8DC2A11172D006DA622 /* StartCityCollectionViewCell.swift in Sources */,
				185D46592A0FC96900AFC330 /* NetworkService.swift in Sources */,
				185D46432A0FC61A00AFC330 /* MainViewController.swift in Sources */,
				1851C8DA2A11150C006DA622 /* FlightsCollectionViewCell.swift in Sources */,
				185D463F2A0FC61A00AFC330 /* AppDelegate.swift in Sources */,
				185D46412A0FC61A00AFC330 /* SceneDelegate.swift in Sources */,
				1851C8E32A1197B3006DA622 /* TicketView.swift in Sources */,
				185D46562A0FC89900AFC330 /* FlightsModel.swift in Sources */,
				1851C8E52A119A34006DA622 /* OrderView.swift in Sources */,
				1851C8DF2A116397006DA622 /* MainViewModel.swift in Sources */,
				1851C8E12A118A65006DA622 /* TicketViewController.swift in Sources */,
			);
			runOnlyForDeploymentPostprocessing = 0;
		};
/* End PBXSourcesBuildPhase section */

/* Begin PBXVariantGroup section */
		185D46492A0FC61B00AFC330 /* LaunchScreen.storyboard */ = {
			isa = PBXVariantGroup;
			children = (
				185D464A2A0FC61B00AFC330 /* Base */,
			);
			name = LaunchScreen.storyboard;
			sourceTree = "<group>";
		};
/* End PBXVariantGroup section */

/* Begin XCBuildConfiguration section */
		185D464D2A0FC61B00AFC330 /* Debug */ = {
			isa = XCBuildConfiguration;
			buildSettings = {
				ALWAYS_SEARCH_USER_PATHS = NO;
				CLANG_ANALYZER_NONNULL = YES;
				CLANG_ANALYZER_NUMBER_OBJECT_CONVERSION = YES_AGGRESSIVE;
				CLANG_CXX_LANGUAGE_STANDARD = "gnu++20";
				CLANG_ENABLE_MODULES = YES;
				CLANG_ENABLE_OBJC_ARC = YES;
				CLANG_ENABLE_OBJC_WEAK = YES;
				CLANG_WARN_BLOCK_CAPTURE_AUTORELEASING = YES;
				CLANG_WARN_BOOL_CONVERSION = YES;
				CLANG_WARN_COMMA = YES;
				CLANG_WARN_CONSTANT_CONVERSION = YES;
				CLANG_WARN_DEPRECATED_OBJC_IMPLEMENTATIONS = YES;
				CLANG_WARN_DIRECT_OBJC_ISA_USAGE = YES_ERROR;
				CLANG_WARN_DOCUMENTATION_COMMENTS = YES;
				CLANG_WARN_EMPTY_BODY = YES;
				CLANG_WARN_ENUM_CONVERSION = YES;
				CLANG_WARN_INFINITE_RECURSION = YES;
				CLANG_WARN_INT_CONVERSION = YES;
				CLANG_WARN_NON_LITERAL_NULL_CONVERSION = YES;
				CLANG_WARN_OBJC_IMPLICIT_RETAIN_SELF = YES;
				CLANG_WARN_OBJC_LITERAL_CONVERSION = YES;
				CLANG_WARN_OBJC_ROOT_CLASS = YES_ERROR;
				CLANG_WARN_QUOTED_INCLUDE_IN_FRAMEWORK_HEADER = YES;
				CLANG_WARN_RANGE_LOOP_ANALYSIS = YES;
				CLANG_WARN_STRICT_PROTOTYPES = YES;
				CLANG_WARN_SUSPICIOUS_MOVE = YES;
				CLANG_WARN_UNGUARDED_AVAILABILITY = YES_AGGRESSIVE;
				CLANG_WARN_UNREACHABLE_CODE = YES;
				CLANG_WARN__DUPLICATE_METHOD_MATCH = YES;
				COPY_PHASE_STRIP = NO;
				DEBUG_INFORMATION_FORMAT = dwarf;
				ENABLE_STRICT_OBJC_MSGSEND = YES;
				ENABLE_TESTABILITY = YES;
				GCC_C_LANGUAGE_STANDARD = gnu11;
				GCC_DYNAMIC_NO_PIC = NO;
				GCC_NO_COMMON_BLOCKS = YES;
				GCC_OPTIMIZATION_LEVEL = 0;
				GCC_PREPROCESSOR_DEFINITIONS = (
					"DEBUG=1",
					"$(inherited)",
				);
				GCC_WARN_64_TO_32_BIT_CONVERSION = YES;
				GCC_WARN_ABOUT_RETURN_TYPE = YES_ERROR;
				GCC_WARN_UNDECLARED_SELECTOR = YES;
				GCC_WARN_UNINITIALIZED_AUTOS = YES_AGGRESSIVE;
				GCC_WARN_UNUSED_FUNCTION = YES;
				GCC_WARN_UNUSED_VARIABLE = YES;
				IPHONEOS_DEPLOYMENT_TARGET = 15.0;
				MTL_ENABLE_DEBUG_INFO = INCLUDE_SOURCE;
				MTL_FAST_MATH = YES;
				ONLY_ACTIVE_ARCH = YES;
				SDKROOT = iphoneos;
				SWIFT_ACTIVE_COMPILATION_CONDITIONS = DEBUG;
				SWIFT_OPTIMIZATION_LEVEL = "-Onone";
			};
			name = Debug;
		};
		185D464E2A0FC61B00AFC330 /* Release */ = {
			isa = XCBuildConfiguration;
			buildSettings = {
				ALWAYS_SEARCH_USER_PATHS = NO;
				CLANG_ANALYZER_NONNULL = YES;
				CLANG_ANALYZER_NUMBER_OBJECT_CONVERSION = YES_AGGRESSIVE;
				CLANG_CXX_LANGUAGE_STANDARD = "gnu++20";
				CLANG_ENABLE_MODULES = YES;
				CLANG_ENABLE_OBJC_ARC = YES;
				CLANG_ENABLE_OBJC_WEAK = YES;
				CLANG_WARN_BLOCK_CAPTURE_AUTORELEASING = YES;
				CLANG_WARN_BOOL_CONVERSION = YES;
				CLANG_WARN_COMMA = YES;
				CLANG_WARN_CONSTANT_CONVERSION = YES;
				CLANG_WARN_DEPRECATED_OBJC_IMPLEMENTATIONS = YES;
				CLANG_WARN_DIRECT_OBJC_ISA_USAGE = YES_ERROR;
				CLANG_WARN_DOCUMENTATION_COMMENTS = YES;
				CLANG_WARN_EMPTY_BODY = YES;
				CLANG_WARN_ENUM_CONVERSION = YES;
				CLANG_WARN_INFINITE_RECURSION = YES;
				CLANG_WARN_INT_CONVERSION = YES;
				CLANG_WARN_NON_LITERAL_NULL_CONVERSION = YES;
				CLANG_WARN_OBJC_IMPLICIT_RETAIN_SELF = YES;
				CLANG_WARN_OBJC_LITERAL_CONVERSION = YES;
				CLANG_WARN_OBJC_ROOT_CLASS = YES_ERROR;
				CLANG_WARN_QUOTED_INCLUDE_IN_FRAMEWORK_HEADER = YES;
				CLANG_WARN_RANGE_LOOP_ANALYSIS = YES;
				CLANG_WARN_STRICT_PROTOTYPES = YES;
				CLANG_WARN_SUSPICIOUS_MOVE = YES;
				CLANG_WARN_UNGUARDED_AVAILABILITY = YES_AGGRESSIVE;
				CLANG_WARN_UNREACHABLE_CODE = YES;
				CLANG_WARN__DUPLICATE_METHOD_MATCH = YES;
				COPY_PHASE_STRIP = NO;
				DEBUG_INFORMATION_FORMAT = "dwarf-with-dsym";
				ENABLE_NS_ASSERTIONS = NO;
				ENABLE_STRICT_OBJC_MSGSEND = YES;
				GCC_C_LANGUAGE_STANDARD = gnu11;
				GCC_NO_COMMON_BLOCKS = YES;
				GCC_WARN_64_TO_32_BIT_CONVERSION = YES;
				GCC_WARN_ABOUT_RETURN_TYPE = YES_ERROR;
				GCC_WARN_UNDECLARED_SELECTOR = YES;
				GCC_WARN_UNINITIALIZED_AUTOS = YES_AGGRESSIVE;
				GCC_WARN_UNUSED_FUNCTION = YES;
				GCC_WARN_UNUSED_VARIABLE = YES;
				IPHONEOS_DEPLOYMENT_TARGET = 15.0;
				MTL_ENABLE_DEBUG_INFO = NO;
				MTL_FAST_MATH = YES;
				SDKROOT = iphoneos;
				SWIFT_COMPILATION_MODE = wholemodule;
				SWIFT_OPTIMIZATION_LEVEL = "-O";
				VALIDATE_PRODUCT = YES;
			};
			name = Release;
		};
		185D46502A0FC61B00AFC330 /* Debug */ = {
			isa = XCBuildConfiguration;
			buildSettings = {
				ASSETCATALOG_COMPILER_APPICON_NAME = AppIcon;
				ASSETCATALOG_COMPILER_GLOBAL_ACCENT_COLOR_NAME = AccentColor;
				CODE_SIGN_STYLE = Automatic;
				CURRENT_PROJECT_VERSION = 1;
				DEVELOPMENT_TEAM = 4V4XBFRF5Z;
				GENERATE_INFOPLIST_FILE = YES;
				INFOPLIST_FILE = WildberriesTravel/Source/Info.plist;
				INFOPLIST_KEY_UIApplicationSupportsIndirectInputEvents = YES;
				INFOPLIST_KEY_UILaunchStoryboardName = LaunchScreen;
				INFOPLIST_KEY_UISupportedInterfaceOrientations = UIInterfaceOrientationPortrait;
				INFOPLIST_KEY_UISupportedInterfaceOrientations_iPad = "UIInterfaceOrientationLandscapeLeft UIInterfaceOrientationLandscapeRight UIInterfaceOrientationPortrait UIInterfaceOrientationPortraitUpsideDown";
				IPHONEOS_DEPLOYMENT_TARGET = 15.0;
				LD_RUNPATH_SEARCH_PATHS = (
					"$(inherited)",
					"@executable_path/Frameworks",
				);
				MARKETING_VERSION = 1.0;
				PRODUCT_BUNDLE_IDENTIFIER = PG.WildberriesTravel;
				PRODUCT_NAME = "$(TARGET_NAME)";
				SUPPORTED_PLATFORMS = "iphoneos iphonesimulator";
				SUPPORTS_MACCATALYST = NO;
				SUPPORTS_MAC_DESIGNED_FOR_IPHONE_IPAD = NO;
				SWIFT_EMIT_LOC_STRINGS = YES;
				SWIFT_VERSION = 5.0;
				TARGETED_DEVICE_FAMILY = 1;
			};
			name = Debug;
		};
		185D46512A0FC61B00AFC330 /* Release */ = {
			isa = XCBuildConfiguration;
			buildSettings = {
				ASSETCATALOG_COMPILER_APPICON_NAME = AppIcon;
				ASSETCATALOG_COMPILER_GLOBAL_ACCENT_COLOR_NAME = AccentColor;
				CODE_SIGN_STYLE = Automatic;
				CURRENT_PROJECT_VERSION = 1;
				DEVELOPMENT_TEAM = 4V4XBFRF5Z;
				GENERATE_INFOPLIST_FILE = YES;
				INFOPLIST_FILE = WildberriesTravel/Source/Info.plist;
				INFOPLIST_KEY_UIApplicationSupportsIndirectInputEvents = YES;
				INFOPLIST_KEY_UILaunchStoryboardName = LaunchScreen;
				INFOPLIST_KEY_UISupportedInterfaceOrientations = UIInterfaceOrientationPortrait;
				INFOPLIST_KEY_UISupportedInterfaceOrientations_iPad = "UIInterfaceOrientationLandscapeLeft UIInterfaceOrientationLandscapeRight UIInterfaceOrientationPortrait UIInterfaceOrientationPortraitUpsideDown";
				IPHONEOS_DEPLOYMENT_TARGET = 15.0;
				LD_RUNPATH_SEARCH_PATHS = (
					"$(inherited)",
					"@executable_path/Frameworks",
				);
				MARKETING_VERSION = 1.0;
				PRODUCT_BUNDLE_IDENTIFIER = PG.WildberriesTravel;
				PRODUCT_NAME = "$(TARGET_NAME)";
				SUPPORTED_PLATFORMS = "iphoneos iphonesimulator";
				SUPPORTS_MACCATALYST = NO;
				SUPPORTS_MAC_DESIGNED_FOR_IPHONE_IPAD = NO;
				SWIFT_EMIT_LOC_STRINGS = YES;
				SWIFT_VERSION = 5.0;
				TARGETED_DEVICE_FAMILY = 1;
			};
			name = Release;
		};
/* End XCBuildConfiguration section */

/* Begin XCConfigurationList section */
		185D46362A0FC61A00AFC330 /* Build configuration list for PBXProject "WildberriesTravel" */ = {
			isa = XCConfigurationList;
			buildConfigurations = (
				185D464D2A0FC61B00AFC330 /* Debug */,
				185D464E2A0FC61B00AFC330 /* Release */,
			);
			defaultConfigurationIsVisible = 0;
			defaultConfigurationName = Release;
		};
		185D464F2A0FC61B00AFC330 /* Build configuration list for PBXNativeTarget "WildberriesTravel" */ = {
			isa = XCConfigurationList;
			buildConfigurations = (
				185D46502A0FC61B00AFC330 /* Debug */,
				185D46512A0FC61B00AFC330 /* Release */,
			);
			defaultConfigurationIsVisible = 0;
			defaultConfigurationName = Release;
		};
/* End XCConfigurationList section */
	};
	rootObject = 185D46332A0FC61A00AFC330 /* Project object */;
}
